
Microsoft Visual Studio Solution File, Format Version 12.00
# Visual Studio Version 17
VisualStudioVersion = 17.11.35327.3
MinimumVisualStudioVersion = 10.0.40219.1
Project("{FAE04EC0-301F-11D3-BF4B-00C04F79EFBC}") = "MvcMovie", "MvcMovie\MvcMovie.csproj", "{34CD654E-3119-479D-A88B-45CEA38C7D0C}"
EndProject
Global
	GlobalSection(SolutionConfigurationPlatforms) = preSolution
		Debug|Any CPU = Debug|Any CPU
		Release|Any CPU = Release|Any CPU
	EndGlobalSection
	GlobalSection(ProjectConfigurationPlatforms) = postSolution
		{34CD654E-3119-479D-A88B-45CEA38C7D0C}.Debug|Any CPU.ActiveCfg = Debug|Any CPU
		{34CD654E-3119-479D-A88B-45CEA38C7D0C}.Debug|Any CPU.Build.0 = Debug|Any CPU
		{34CD654E-3119-479D-A88B-45CEA38C7D0C}.Release|Any CPU.ActiveCfg = Release|Any CPU
		{34CD654E-3119-479D-A88B-45CEA38C7D0C}.Release|Any CPU.Build.0 = Release|Any CPU
	EndGlobalSection
	GlobalSection(SolutionProperties) = preSolution
		HideSolutionNode = FALSE
	EndGlobalSection
	GlobalSection(ExtensibilityGlobals) = postSolution
		SolutionGuid = {39ABED70-A79E-4548-897E-DE7043D5BD68}
	EndGlobalSection
EndGlobal
